
Microsoft Visual Studio Solution File, Format Version 12.00
# Visual Studio Version 17
VisualStudioVersion = 17.11.35312.102
MinimumVisualStudioVersion = 10.0.40219.1
Project("{FAE04EC0-301F-11D3-BF4B-00C04F79EFBC}") = "flapp", "flapp.csproj", "{33F95652-E7DA-4D6A-8E0D-4DA8D2FAC107}"
EndProject
Global
	GlobalSection(SolutionConfigurationPlatforms) = preSolution
		Debug|Any CPU = Debug|Any CPU
		Release|Any CPU = Release|Any CPU
	EndGlobalSection
	GlobalSection(ProjectConfigurationPlatforms) = postSolution
		{33F95652-E7DA-4D6A-8E0D-4DA8D2FAC107}.Debug|Any CPU.ActiveCfg = Debug|Any CPU
		{33F95652-E7DA-4D6A-8E0D-4DA8D2FAC107}.Debug|Any CPU.Build.0 = Debug|Any CPU
		{33F95652-E7DA-4D6A-8E0D-4DA8D2FAC107}.Release|Any CPU.ActiveCfg = Release|Any CPU
		{33F95652-E7DA-4D6A-8E0D-4DA8D2FAC107}.Release|Any CPU.Build.0 = Release|Any CPU
	EndGlobalSection
	GlobalSection(SolutionProperties) = preSolution
		HideSolutionNode = FALSE
	EndGlobalSection
	GlobalSection(ExtensibilityGlobals) = postSolution
		SolutionGuid = {ABDE4F9D-160B-4DD3-A64F-BBD9966A682B}
	EndGlobalSection
EndGlobal
